
Microsoft Visual Studio Solution File, Format Version 11.00
# Visual Studio 2010
Project("{FAE04EC0-301F-11D3-BF4B-00C04F79EFBC}") = "CloudSponge", "CloudSponge\CloudSponge.csproj", "{B78C9E00-071D-40A3-9ED3-DC3E55CD7378}"
EndProject
Project("{FAE04EC0-301F-11D3-BF4B-00C04F79EFBC}") = "CloudSponge.Test", "CloudSponge.Test\CloudSponge.Test.csproj", "{ACB398C1-4BD2-485A-904D-EB1A85B03F1C}"
EndProject
Project("{2150E333-8FDC-42A3-9474-1A3956D46DE8}") = "Solution Items", "Solution Items", "{30A4A252-20ED-43C3-8499-CB5A048292CE}"
	ProjectSection(SolutionItems) = preProject
		CloudSponge.vsmdi = CloudSponge.vsmdi
		Local.testsettings = Local.testsettings
		TraceAndTestImpact.testsettings = TraceAndTestImpact.testsettings
	EndProjectSection
EndProject
Project("{FAE04EC0-301F-11D3-BF4B-00C04F79EFBC}") = "Sponge", "Sponge\Sponge.csproj", "{135F8089-02BB-4743-A885-B84DBEF06023}"
EndProject
Global
	GlobalSection(TestCaseManagementSettings) = postSolution
		CategoryFile = CloudSponge.vsmdi
	EndGlobalSection
	GlobalSection(SolutionConfigurationPlatforms) = preSolution
		Debug|Any CPU = Debug|Any CPU
		Debug|Mixed Platforms = Debug|Mixed Platforms
		Debug|x86 = Debug|x86
		Release|Any CPU = Release|Any CPU
		Release|Mixed Platforms = Release|Mixed Platforms
		Release|x86 = Release|x86
	EndGlobalSection
	GlobalSection(ProjectConfigurationPlatforms) = postSolution
		{B78C9E00-071D-40A3-9ED3-DC3E55CD7378}.Debug|Any CPU.ActiveCfg = Debug|Any CPU
		{B78C9E00-071D-40A3-9ED3-DC3E55CD7378}.Debug|Any CPU.Build.0 = Debug|Any CPU
		{B78C9E00-071D-40A3-9ED3-DC3E55CD7378}.Debug|Mixed Platforms.ActiveCfg = Debug|Any CPU
		{B78C9E00-071D-40A3-9ED3-DC3E55CD7378}.Debug|Mixed Platforms.Build.0 = Debug|Any CPU
		{B78C9E00-071D-40A3-9ED3-DC3E55CD7378}.Debug|x86.ActiveCfg = Debug|Any CPU
		{B78C9E00-071D-40A3-9ED3-DC3E55CD7378}.Release|Any CPU.ActiveCfg = Release|Any CPU
		{B78C9E00-071D-40A3-9ED3-DC3E55CD7378}.Release|Any CPU.Build.0 = Release|Any CPU
		{B78C9E00-071D-40A3-9ED3-DC3E55CD7378}.Release|Mixed Platforms.ActiveCfg = Release|Any CPU
		{B78C9E00-071D-40A3-9ED3-DC3E55CD7378}.Release|Mixed Platforms.Build.0 = Release|Any CPU
		{B78C9E00-071D-40A3-9ED3-DC3E55CD7378}.Release|x86.ActiveCfg = Release|Any CPU
		{ACB398C1-4BD2-485A-904D-EB1A85B03F1C}.Debug|Any CPU.ActiveCfg = Debug|Any CPU
		{ACB398C1-4BD2-485A-904D-EB1A85B03F1C}.Debug|Any CPU.Build.0 = Debug|Any CPU
		{ACB398C1-4BD2-485A-904D-EB1A85B03F1C}.Debug|Mixed Platforms.ActiveCfg = Debug|Any CPU
		{ACB398C1-4BD2-485A-904D-EB1A85B03F1C}.Debug|Mixed Platforms.Build.0 = Debug|Any CPU
		{ACB398C1-4BD2-485A-904D-EB1A85B03F1C}.Debug|x86.ActiveCfg = Debug|Any CPU
		{ACB398C1-4BD2-485A-904D-EB1A85B03F1C}.Release|Any CPU.ActiveCfg = Release|Any CPU
		{ACB398C1-4BD2-485A-904D-EB1A85B03F1C}.Release|Any CPU.Build.0 = Release|Any CPU
		{ACB398C1-4BD2-485A-904D-EB1A85B03F1C}.Release|Mixed Platforms.ActiveCfg = Release|Any CPU
		{ACB398C1-4BD2-485A-904D-EB1A85B03F1C}.Release|Mixed Platforms.Build.0 = Release|Any CPU
		{ACB398C1-4BD2-485A-904D-EB1A85B03F1C}.Release|x86.ActiveCfg = Release|Any CPU
		{135F8089-02BB-4743-A885-B84DBEF06023}.Debug|Any CPU.ActiveCfg = Debug|x86
		{135F8089-02BB-4743-A885-B84DBEF06023}.Debug|Mixed Platforms.ActiveCfg = Debug|x86
		{135F8089-02BB-4743-A885-B84DBEF06023}.Debug|Mixed Platforms.Build.0 = Debug|x86
		{135F8089-02BB-4743-A885-B84DBEF06023}.Debug|x86.ActiveCfg = Debug|x86
		{135F8089-02BB-4743-A885-B84DBEF06023}.Debug|x86.Build.0 = Debug|x86
		{135F8089-02BB-4743-A885-B84DBEF06023}.Release|Any CPU.ActiveCfg = Release|x86
		{135F8089-02BB-4743-A885-B84DBEF06023}.Release|Mixed Platforms.ActiveCfg = Release|x86
		{135F8089-02BB-4743-A885-B84DBEF06023}.Release|Mixed Platforms.Build.0 = Release|x86
		{135F8089-02BB-4743-A885-B84DBEF06023}.Release|x86.ActiveCfg = Release|x86
		{135F8089-02BB-4743-A885-B84DBEF06023}.Release|x86.Build.0 = Release|x86
	EndGlobalSection
	GlobalSection(SolutionProperties) = preSolution
		HideSolutionNode = FALSE
	EndGlobalSection
EndGlobal
